
Microsoft Visual Studio Solution File, Format Version 12.00
# Visual Studio Version 17
VisualStudioVersion = 17.2.32616.157
MinimumVisualStudioVersion = 10.0.40219.1
Project("{9A19103F-16F7-4668-BE54-9A1E7A4F7556}") = "HMT.Web.Server", "src\HMT.Web.Server\HMT.Web.Server.csproj", "{3A9A76E2-2DF5-440C-BCB6-8DCE2161186F}"
EndProject
Project("{2150E333-8FDC-42A3-9474-1A3956D46DE8}") = "Solution Items", "Solution Items", "{36DED7ED-687C-4718-A2D4-6E8D21EDF440}"
	ProjectSection(SolutionItems) = preProject
		README.md = README.md
	EndProjectSection
EndProject
Project("{2150E333-8FDC-42A3-9474-1A3956D46DE8}") = "src", "src", "{598494D2-8C3D-479D-815E-474B519E7E92}"
EndProject
Global
	GlobalSection(SolutionConfigurationPlatforms) = preSolution
		Debug|Any CPU = Debug|Any CPU
		Release|Any CPU = Release|Any CPU
	EndGlobalSection
	GlobalSection(ProjectConfigurationPlatforms) = postSolution
		{3A9A76E2-2DF5-440C-BCB6-8DCE2161186F}.Debug|Any CPU.ActiveCfg = Debug|Any CPU
		{3A9A76E2-2DF5-440C-BCB6-8DCE2161186F}.Debug|Any CPU.Build.0 = Debug|Any CPU
		{3A9A76E2-2DF5-440C-BCB6-8DCE2161186F}.Release|Any CPU.ActiveCfg = Release|Any CPU
		{3A9A76E2-2DF5-440C-BCB6-8DCE2161186F}.Release|Any CPU.Build.0 = Release|Any CPU
	EndGlobalSection
	GlobalSection(SolutionProperties) = preSolution
		HideSolutionNode = FALSE
	EndGlobalSection
	GlobalSection(NestedProjects) = preSolution
		{3A9A76E2-2DF5-440C-BCB6-8DCE2161186F} = {598494D2-8C3D-479D-815E-474B519E7E92}
	EndGlobalSection
	GlobalSection(ExtensibilityGlobals) = postSolution
		SolutionGuid = {BFC70471-94E2-429C-899B-49CA5A169474}
	EndGlobalSection
EndGlobal
